github.com/ArieDeha/ccx v0.1.0 h1:W9HCsUFmAQHHYbltx41z6VBL2323FGT2bumtxfTBE7I=
github.com/ArieDeha/ccx v0.1.0/go.mod h1:6JaUSRDitxtn38EcMFz0kmPSMBx8PN+mX91sBU71WQA=
github.com/ArieDeha/ccx v0.1.1 h1:Qe1q29HRimlcCZeNYimA9rUp25AK+AGklZwgGzEGekw=
github.com/ArieDeha/ccx v0.1.1/go.mod h1:yIJrLT7zhtNn1NrP1PeJq5I+ApByS0O2PwVbrHvlfsc=
github.com/ArieDeha/ccx v0.1.2 h1:6RrL2Nq0aKOa6M3C6PGjijTupIM2C35BPRod93igUws=
github.com/ArieDeha/ccx v0.1.2/go.mod h1:F47OgbnapQcvRHfqIwqRr9PhGyO7EiJzCMYflghsXqs=
github.com/ArieDeha/ccxpolicy v0.1.0 h1:BXBDxnIExX6YbunpKunpqh4zmtbB3tMecBR/IJ3Q/fo=
github.com/ArieDeha/ccxpolicy v0.1.0/go.mod h1:ohOOwOdvtrvOrVTnQc7/y5AiWLwxgJn0c+9gpOLgw8U=
github.com/ArieDeha/ccxpolicy v0.1.1 h1:kVWQDN2E0Se73xgQQNlnxFffm030Q0zXaDtLMMylfIQ=
github.com/ArieDeha/ccxpolicy v0.1.1/go.mod h1:eb1rxks7pXXIER32f5tSl+VmYnlBhF0cFe4OQ1+TB1o=
github.com/ArieDeha/ccxpolicy v0.1.2 h1:22jIAjm2XmBR/MdFyXvcZ3+N4uOY9AZ7ZSrgaCtt1Uk=
github.com/ArieDeha/ccxpolicy v0.1.2/go.mod h1:ohfMxlwL6yXc5dGCBrrPW3a0L9aB+28YrSqPDy+xHvc=
