github.com/ArieDeha/ccx v0.1.0 h1:W9HCsUFmAQHHYbltx41z6VBL2323FGT2bumtxfTBE7I=
github.com/ArieDeha/ccx v0.1.0/go.mod h1:6JaUSRDitxtn38EcMFz0kmPSMBx8PN+mX91sBU71WQA=
github.com/ArieDeha/ccxpolicy v0.1.0 h1:BXBDxnIExX6YbunpKunpqh4zmtbB3tMecBR/IJ3Q/fo=
github.com/ArieDeha/ccxpolicy v0.1.0/go.mod h1:ohOOwOdvtrvOrVTnQc7/y5AiWLwxgJn0c+9gpOLgw8U=
